
Microsoft Visual Studio Solution File, Format Version 12.00
# Visual Studio Express 2013 for Windows Desktop
VisualStudioVersion = 12.0.21005.1
MinimumVisualStudioVersion = 10.0.40219.1
Project("{FAE04EC0-301F-11D3-BF4B-00C04F79EFBC}") = "EZEtl", "EZEtl\EZEtl.csproj", "{AA557131-CF16-4FDD-A4AF-239E8D310ADC}"
EndProject
Project("{FAE04EC0-301F-11D3-BF4B-00C04F79EFBC}") = "Utilities", "Utilities\Utilities.csproj", "{E4F6128B-190F-4CF4-9457-FF72B727A739}"
EndProject
Project("{FAE04EC0-301F-11D3-BF4B-00C04F79EFBC}") = "Utilities_Test", "Utilities_Test\Utilities_Test.csproj", "{EC029561-C6BC-463B-B571-F4E19CE2E4EB}"
EndProject
Project("{2150E333-8FDC-42A3-9474-1A3956D46DE8}") = "Solution Items", "Solution Items", "{C38BF193-A257-4311-89D5-5EA7480549BE}"
	ProjectSection(SolutionItems) = preProject
		Test\AdHoc_take2.xml = Test\AdHoc_take2.xml
		EZEtl.vsmdi = EZEtl.vsmdi
		Local.testsettings = Local.testsettings
		TraceAndTestImpact.testsettings = TraceAndTestImpact.testsettings
	EndProjectSection
EndProject
Project("{FAE04EC0-301F-11D3-BF4B-00C04F79EFBC}") = "Configuration", "Configuration\Configuration.csproj", "{887DDCD9-4AA1-47E6-B937-B215276FE3DD}"
EndProject
Project("{FAE04EC0-301F-11D3-BF4B-00C04F79EFBC}") = "Configuration_Test", "Configuration_Test\Configuration_Test.csproj", "{36E58A80-5ADA-4A41-80F7-D29C98F1C64F}"
EndProject
Global
	GlobalSection(SolutionConfigurationPlatforms) = preSolution
		Debug|Any CPU = Debug|Any CPU
		Debug|Mixed Platforms = Debug|Mixed Platforms
		Debug|x86 = Debug|x86
		Release|Any CPU = Release|Any CPU
		Release|Mixed Platforms = Release|Mixed Platforms
		Release|x86 = Release|x86
	EndGlobalSection
	GlobalSection(ProjectConfigurationPlatforms) = postSolution
		{AA557131-CF16-4FDD-A4AF-239E8D310ADC}.Debug|Any CPU.ActiveCfg = Debug|x86
		{AA557131-CF16-4FDD-A4AF-239E8D310ADC}.Debug|Any CPU.Build.0 = Debug|x86
		{AA557131-CF16-4FDD-A4AF-239E8D310ADC}.Debug|Mixed Platforms.ActiveCfg = Debug|x86
		{AA557131-CF16-4FDD-A4AF-239E8D310ADC}.Debug|Mixed Platforms.Build.0 = Debug|x86
		{AA557131-CF16-4FDD-A4AF-239E8D310ADC}.Debug|x86.ActiveCfg = Debug|x86
		{AA557131-CF16-4FDD-A4AF-239E8D310ADC}.Debug|x86.Build.0 = Debug|x86
		{AA557131-CF16-4FDD-A4AF-239E8D310ADC}.Release|Any CPU.ActiveCfg = Release|x86
		{AA557131-CF16-4FDD-A4AF-239E8D310ADC}.Release|Any CPU.Build.0 = Release|x86
		{AA557131-CF16-4FDD-A4AF-239E8D310ADC}.Release|Mixed Platforms.ActiveCfg = Release|x86
		{AA557131-CF16-4FDD-A4AF-239E8D310ADC}.Release|Mixed Platforms.Build.0 = Release|x86
		{AA557131-CF16-4FDD-A4AF-239E8D310ADC}.Release|x86.ActiveCfg = Release|x86
		{AA557131-CF16-4FDD-A4AF-239E8D310ADC}.Release|x86.Build.0 = Release|x86
		{E4F6128B-190F-4CF4-9457-FF72B727A739}.Debug|Any CPU.ActiveCfg = Debug|Any CPU
		{E4F6128B-190F-4CF4-9457-FF72B727A739}.Debug|Any CPU.Build.0 = Debug|Any CPU
		{E4F6128B-190F-4CF4-9457-FF72B727A739}.Debug|Mixed Platforms.ActiveCfg = Debug|Any CPU
		{E4F6128B-190F-4CF4-9457-FF72B727A739}.Debug|Mixed Platforms.Build.0 = Debug|Any CPU
		{E4F6128B-190F-4CF4-9457-FF72B727A739}.Debug|x86.ActiveCfg = Debug|Any CPU
		{E4F6128B-190F-4CF4-9457-FF72B727A739}.Release|Any CPU.ActiveCfg = Release|Any CPU
		{E4F6128B-190F-4CF4-9457-FF72B727A739}.Release|Any CPU.Build.0 = Release|Any CPU
		{E4F6128B-190F-4CF4-9457-FF72B727A739}.Release|Mixed Platforms.ActiveCfg = Release|Any CPU
		{E4F6128B-190F-4CF4-9457-FF72B727A739}.Release|Mixed Platforms.Build.0 = Release|Any CPU
		{E4F6128B-190F-4CF4-9457-FF72B727A739}.Release|x86.ActiveCfg = Release|Any CPU
		{EC029561-C6BC-463B-B571-F4E19CE2E4EB}.Debug|Any CPU.ActiveCfg = Debug|Any CPU
		{EC029561-C6BC-463B-B571-F4E19CE2E4EB}.Debug|Any CPU.Build.0 = Debug|Any CPU
		{EC029561-C6BC-463B-B571-F4E19CE2E4EB}.Debug|Mixed Platforms.ActiveCfg = Debug|Any CPU
		{EC029561-C6BC-463B-B571-F4E19CE2E4EB}.Debug|x86.ActiveCfg = Debug|Any CPU
		{EC029561-C6BC-463B-B571-F4E19CE2E4EB}.Release|Any CPU.ActiveCfg = Release|Any CPU
		{EC029561-C6BC-463B-B571-F4E19CE2E4EB}.Release|Any CPU.Build.0 = Release|Any CPU
		{EC029561-C6BC-463B-B571-F4E19CE2E4EB}.Release|Mixed Platforms.ActiveCfg = Release|Any CPU
		{EC029561-C6BC-463B-B571-F4E19CE2E4EB}.Release|x86.ActiveCfg = Release|Any CPU
		{887DDCD9-4AA1-47E6-B937-B215276FE3DD}.Debug|Any CPU.ActiveCfg = Debug|Any CPU
		{887DDCD9-4AA1-47E6-B937-B215276FE3DD}.Debug|Mixed Platforms.ActiveCfg = Debug|Any CPU
		{887DDCD9-4AA1-47E6-B937-B215276FE3DD}.Debug|Mixed Platforms.Build.0 = Debug|Any CPU
		{887DDCD9-4AA1-47E6-B937-B215276FE3DD}.Debug|x86.ActiveCfg = Debug|Any CPU
		{887DDCD9-4AA1-47E6-B937-B215276FE3DD}.Release|Any CPU.ActiveCfg = Release|Any CPU
		{887DDCD9-4AA1-47E6-B937-B215276FE3DD}.Release|Mixed Platforms.ActiveCfg = Release|Any CPU
		{887DDCD9-4AA1-47E6-B937-B215276FE3DD}.Release|Mixed Platforms.Build.0 = Release|Any CPU
		{887DDCD9-4AA1-47E6-B937-B215276FE3DD}.Release|x86.ActiveCfg = Release|Any CPU
		{36E58A80-5ADA-4A41-80F7-D29C98F1C64F}.Debug|Any CPU.ActiveCfg = Debug|Any CPU
		{36E58A80-5ADA-4A41-80F7-D29C98F1C64F}.Debug|Any CPU.Build.0 = Debug|Any CPU
		{36E58A80-5ADA-4A41-80F7-D29C98F1C64F}.Debug|Mixed Platforms.ActiveCfg = Debug|Any CPU
		{36E58A80-5ADA-4A41-80F7-D29C98F1C64F}.Debug|x86.ActiveCfg = Debug|Any CPU
		{36E58A80-5ADA-4A41-80F7-D29C98F1C64F}.Release|Any CPU.ActiveCfg = Release|Any CPU
		{36E58A80-5ADA-4A41-80F7-D29C98F1C64F}.Release|Any CPU.Build.0 = Release|Any CPU
		{36E58A80-5ADA-4A41-80F7-D29C98F1C64F}.Release|Mixed Platforms.ActiveCfg = Release|Any CPU
		{36E58A80-5ADA-4A41-80F7-D29C98F1C64F}.Release|x86.ActiveCfg = Release|Any CPU
	EndGlobalSection
	GlobalSection(SolutionProperties) = preSolution
		HideSolutionNode = FALSE
	EndGlobalSection
	GlobalSection(TestCaseManagementSettings) = postSolution
		CategoryFile = EZEtl.vsmdi
	EndGlobalSection
EndGlobal
